
Microsoft Visual Studio Solution File, Format Version 12.00
# Visual Studio Version 17
VisualStudioVersion = 17.4.33213.308
MinimumVisualStudioVersion = 10.0.40219.1
Project("{FAE04EC0-301F-11D3-BF4B-00C04F79EFBC}") = "MarkdownBuilder", "MarkdownBuilder\MarkdownBuilder.csproj", "{993F0926-32EF-4EE2-9081-FBF69D12AC6D}"
EndProject
Global
	GlobalSection(SolutionConfigurationPlatforms) = preSolution
		Debug|Any CPU = Debug|Any CPU
		Release|Any CPU = Release|Any CPU
	EndGlobalSection
	GlobalSection(ProjectConfigurationPlatforms) = postSolution
		{993F0926-32EF-4EE2-9081-FBF69D12AC6D}.Debug|Any CPU.ActiveCfg = Debug|Any CPU
		{993F0926-32EF-4EE2-9081-FBF69D12AC6D}.Debug|Any CPU.Build.0 = Debug|Any CPU
		{993F0926-32EF-4EE2-9081-FBF69D12AC6D}.Release|Any CPU.ActiveCfg = Release|Any CPU
		{993F0926-32EF-4EE2-9081-FBF69D12AC6D}.Release|Any CPU.Build.0 = Release|Any CPU
	EndGlobalSection
	GlobalSection(SolutionProperties) = preSolution
		HideSolutionNode = FALSE
	EndGlobalSection
	GlobalSection(ExtensibilityGlobals) = postSolution
		SolutionGuid = {4B053808-671F-4265-8CDB-B054D7FCC424}
	EndGlobalSection
EndGlobal
